# This is a Gradle generated file for dependency locking.
# Manual edits can break the build and are not advised.
# This file is expected to be part of source control.
com.jetbrains:mps:2022.3.2=mpsZip
com.xenomachina:kotlin-argparser:2.0.7=compileClasspath,implementationDependenciesMetadata,runtimeClasspath,testCompileClasspath,testImplementationDependenciesMetadata,testRuntimeClasspath
com.xenomachina:xenocom:0.0.7=compileClasspath,implementationDependenciesMetadata,runtimeClasspath,testCompileClasspath,testImplementationDependenciesMetadata,testRuntimeClasspath
commons-logging:commons-logging:1.2=compileClasspath,compileOnlyDependenciesMetadata
org.jetbrains.intellij.deps:trove4j:1.0.20200330=kotlinBuildToolsApiClasspath,kotlinCompilerClasspath,kotlinKlibCommonizerClasspath
org.jetbrains.kotlin:kotlin-build-tools-api:2.1.20=kotlinBuildToolsApiClasspath
org.jetbrains.kotlin:kotlin-build-tools-impl:2.1.20=kotlinBuildToolsApiClasspath
org.jetbrains.kotlin:kotlin-compiler-embeddable:2.1.20=kotlinBuildToolsApiClasspath,kotlinCompilerClasspath,kotlinKlibCommonizerClasspath
org.jetbrains.kotlin:kotlin-compiler-runner:2.1.20=kotlinBuildToolsApiClasspath
org.jetbrains.kotlin:kotlin-daemon-client:2.1.20=kotlinBuildToolsApiClasspath
org.jetbrains.kotlin:kotlin-daemon-embeddable:2.1.20=kotlinBuildToolsApiClasspath,kotlinCompilerClasspath,kotlinKlibCommonizerClasspath
org.jetbrains.kotlin:kotlin-klib-commonizer-embeddable:2.1.20=kotlinKlibCommonizerClasspath
org.jetbrains.kotlin:kotlin-reflect:1.6.10=kotlinBuildToolsApiClasspath,kotlinCompilerClasspath,kotlinKlibCommonizerClasspath
org.jetbrains.kotlin:kotlin-script-runtime:2.1.20=kotlinBuildToolsApiClasspath,kotlinCompilerClasspath,kotlinCompilerPluginClasspathMain,kotlinCompilerPluginClasspathTest,kotlinKlibCommonizerClasspath
org.jetbrains.kotlin:kotlin-scripting-common:2.1.20=kotlinBuildToolsApiClasspath,kotlinCompilerPluginClasspathMain,kotlinCompilerPluginClasspathTest
org.jetbrains.kotlin:kotlin-scripting-compiler-embeddable:2.1.20=kotlinBuildToolsApiClasspath,kotlinCompilerPluginClasspathMain,kotlinCompilerPluginClasspathTest
org.jetbrains.kotlin:kotlin-scripting-compiler-impl-embeddable:2.1.20=kotlinBuildToolsApiClasspath,kotlinCompilerPluginClasspathMain,kotlinCompilerPluginClasspathTest
org.jetbrains.kotlin:kotlin-scripting-jvm:2.1.20=kotlinBuildToolsApiClasspath,kotlinCompilerPluginClasspathMain,kotlinCompilerPluginClasspathTest
org.jetbrains.kotlin:kotlin-stdlib:2.1.20=apiDependenciesMetadata,compileClasspath,implementationDependenciesMetadata,kotlinBuildToolsApiClasspath,kotlinCompilerClasspath,kotlinCompilerPluginClasspathMain,kotlinCompilerPluginClasspathTest,kotlinKlibCommonizerClasspath,runtimeClasspath,testCompileClasspath,testImplementationDependenciesMetadata,testRuntimeClasspath
org.jetbrains.kotlinx:kotlinx-coroutines-core-jvm:1.8.0=kotlinBuildToolsApiClasspath,kotlinCompilerClasspath,kotlinKlibCommonizerClasspath
org.jetbrains:annotations:13.0=compileClasspath,kotlinBuildToolsApiClasspath,kotlinCompilerClasspath,kotlinCompilerPluginClasspathMain,kotlinCompilerPluginClasspathTest,kotlinKlibCommonizerClasspath,runtimeClasspath,testCompileClasspath,testRuntimeClasspath
empty=annotationProcessor,intransitiveDependenciesMetadata,kotlinCompilerPluginClasspath,kotlinNativeCompilerPluginClasspath,kotlinScriptDef,kotlinScriptDefExtensions,runtimeOnlyDependenciesMetadata,testAnnotationProcessor,testApiDependenciesMetadata,testCompileOnlyDependenciesMetadata,testIntransitiveDependenciesMetadata,testKotlinScriptDef,testKotlinScriptDefExtensions,testRuntimeOnlyDependenciesMetadata
